
Microsoft Visual Studio Solution File, Format Version 12.00
# Visual Studio Version 16
VisualStudioVersion = 16.0.30717.126
MinimumVisualStudioVersion = 10.0.40219.1
Project("{FAE04EC0-301F-11D3-BF4B-00C04F79EFBC}") = "E-Library", "E-Library\E-Library.csproj", "{C6960976-9D0E-4299-AB2B-54DE4D957AE5}"
EndProject
Global
	GlobalSection(SolutionConfigurationPlatforms) = preSolution
		Debug|Any CPU = Debug|Any CPU
		Release|Any CPU = Release|Any CPU
	EndGlobalSection
	GlobalSection(ProjectConfigurationPlatforms) = postSolution
		{C6960976-9D0E-4299-AB2B-54DE4D957AE5}.Debug|Any CPU.ActiveCfg = Debug|Any CPU
		{C6960976-9D0E-4299-AB2B-54DE4D957AE5}.Debug|Any CPU.Build.0 = Debug|Any CPU
		{C6960976-9D0E-4299-AB2B-54DE4D957AE5}.Release|Any CPU.ActiveCfg = Release|Any CPU
		{C6960976-9D0E-4299-AB2B-54DE4D957AE5}.Release|Any CPU.Build.0 = Release|Any CPU
	EndGlobalSection
	GlobalSection(SolutionProperties) = preSolution
		HideSolutionNode = FALSE
	EndGlobalSection
	GlobalSection(ExtensibilityGlobals) = postSolution
		SolutionGuid = {C1FF7D4A-980B-4735-9D1B-B26C582417B8}
	EndGlobalSection
EndGlobal
